
Microsoft Visual Studio Solution File, Format Version 12.00
# Visual Studio Version 16
VisualStudioVersion = 16.0.30523.141
MinimumVisualStudioVersion = 10.0.40219.1
Project("{FAE04EC0-301F-11D3-BF4B-00C04F79EFBC}") = "Zadanie 3 klasy", "Zadanie 3 klasy.csproj", "{B52E9DB8-53B5-4A48-B0A2-3B8F23566C49}"
EndProject
Global
	GlobalSection(SolutionConfigurationPlatforms) = preSolution
		Debug|Any CPU = Debug|Any CPU
		Release|Any CPU = Release|Any CPU
	EndGlobalSection
	GlobalSection(ProjectConfigurationPlatforms) = postSolution
		{B52E9DB8-53B5-4A48-B0A2-3B8F23566C49}.Debug|Any CPU.ActiveCfg = Debug|Any CPU
		{B52E9DB8-53B5-4A48-B0A2-3B8F23566C49}.Debug|Any CPU.Build.0 = Debug|Any CPU
		{B52E9DB8-53B5-4A48-B0A2-3B8F23566C49}.Release|Any CPU.ActiveCfg = Release|Any CPU
		{B52E9DB8-53B5-4A48-B0A2-3B8F23566C49}.Release|Any CPU.Build.0 = Release|Any CPU
	EndGlobalSection
	GlobalSection(SolutionProperties) = preSolution
		HideSolutionNode = FALSE
	EndGlobalSection
	GlobalSection(ExtensibilityGlobals) = postSolution
		SolutionGuid = {ED5D4D40-AABD-49B8-88DF-5A26B5D2D722}
	EndGlobalSection
EndGlobal
